
Microsoft Visual Studio Solution File, Format Version 12.00
# Visual Studio Version 17
VisualStudioVersion = 17.4.33205.214
MinimumVisualStudioVersion = 10.0.40219.1
Project("{9A19103F-16F7-4668-BE54-9A1E7A4F7556}") = "L2MVC.API", "L2MVC.API\L2MVC.API.csproj", "{AF8E098E-8BEF-4E02-8236-3B86D50829E1}"
EndProject
Project("{9A19103F-16F7-4668-BE54-9A1E7A4F7556}") = "L2API.Service", "L2API.Service\L2API.Service.csproj", "{59489C70-D54F-4628-84E4-2AF42D7F797C}"
EndProject
Project("{FAE04EC0-301F-11D3-BF4B-00C04F79EFBC}") = "L2API.Common", "Common\L2API.Common.csproj", "{7C669557-1299-4835-A891-880E357041A0}"
EndProject
Project("{FAE04EC0-301F-11D3-BF4B-00C04F79EFBC}") = "L2API.Repositories", "Repositories\L2API.Repositories.csproj", "{96D3593D-CB29-43F2-AAC2-E589AFF93308}"
EndProject
Global
	GlobalSection(SolutionConfigurationPlatforms) = preSolution
		Debug|Any CPU = Debug|Any CPU
		Release|Any CPU = Release|Any CPU
	EndGlobalSection
	GlobalSection(ProjectConfigurationPlatforms) = postSolution
		{AF8E098E-8BEF-4E02-8236-3B86D50829E1}.Debug|Any CPU.ActiveCfg = Debug|Any CPU
		{AF8E098E-8BEF-4E02-8236-3B86D50829E1}.Debug|Any CPU.Build.0 = Debug|Any CPU
		{AF8E098E-8BEF-4E02-8236-3B86D50829E1}.Release|Any CPU.ActiveCfg = Release|Any CPU
		{AF8E098E-8BEF-4E02-8236-3B86D50829E1}.Release|Any CPU.Build.0 = Release|Any CPU
		{59489C70-D54F-4628-84E4-2AF42D7F797C}.Debug|Any CPU.ActiveCfg = Debug|Any CPU
		{59489C70-D54F-4628-84E4-2AF42D7F797C}.Debug|Any CPU.Build.0 = Debug|Any CPU
		{59489C70-D54F-4628-84E4-2AF42D7F797C}.Release|Any CPU.ActiveCfg = Release|Any CPU
		{59489C70-D54F-4628-84E4-2AF42D7F797C}.Release|Any CPU.Build.0 = Release|Any CPU
		{7C669557-1299-4835-A891-880E357041A0}.Debug|Any CPU.ActiveCfg = Debug|Any CPU
		{7C669557-1299-4835-A891-880E357041A0}.Debug|Any CPU.Build.0 = Debug|Any CPU
		{7C669557-1299-4835-A891-880E357041A0}.Release|Any CPU.ActiveCfg = Release|Any CPU
		{7C669557-1299-4835-A891-880E357041A0}.Release|Any CPU.Build.0 = Release|Any CPU
		{96D3593D-CB29-43F2-AAC2-E589AFF93308}.Debug|Any CPU.ActiveCfg = Debug|Any CPU
		{96D3593D-CB29-43F2-AAC2-E589AFF93308}.Debug|Any CPU.Build.0 = Debug|Any CPU
		{96D3593D-CB29-43F2-AAC2-E589AFF93308}.Release|Any CPU.ActiveCfg = Release|Any CPU
		{96D3593D-CB29-43F2-AAC2-E589AFF93308}.Release|Any CPU.Build.0 = Release|Any CPU
	EndGlobalSection
	GlobalSection(SolutionProperties) = preSolution
		HideSolutionNode = FALSE
	EndGlobalSection
	GlobalSection(ExtensibilityGlobals) = postSolution
		SolutionGuid = {0A33BD1B-015D-4895-B9D1-C08D145298BD}
	EndGlobalSection
EndGlobal
